
Microsoft Visual Studio Solution File, Format Version 12.00
# Visual Studio Version 17
VisualStudioVersion = 17.0.31912.275
MinimumVisualStudioVersion = 10.0.40219.1
Project("{8BC9CEB8-8B4A-11D0-8D11-00A0C91BC942}") = "ConsoleApplication1", "ConsoleApplication1\ConsoleApplication1.vcxproj", "{DBE7380E-4CC4-4C70-BFB1-359F8C121C04}"
EndProject
Project("{8BC9CEB8-8B4A-11D0-8D11-00A0C91BC942}") = "ConsoleApplication2", "ConsoleApplication2\ConsoleApplication2.vcxproj", "{47F9E38F-9B65-4F27-97AA-244750E5A869}"
EndProject
Project("{8BC9CEB8-8B4A-11D0-8D11-00A0C91BC942}") = "ConsoleApplication3", "ConsoleApplication3\ConsoleApplication3.vcxproj", "{22751D72-45B6-49FE-8DBD-205050F0A5A7}"
EndProject
Project("{8BC9CEB8-8B4A-11D0-8D11-00A0C91BC942}") = "LineNumber", "LineNumber\LineNumber.vcxproj", "{12FF217A-1C13-4412-992E-060CBE7B3460}"
EndProject
Global
	GlobalSection(SolutionConfigurationPlatforms) = preSolution
		Debug|x64 = Debug|x64
		Debug|x86 = Debug|x86
		Release|x64 = Release|x64
		Release|x86 = Release|x86
	EndGlobalSection
	GlobalSection(ProjectConfigurationPlatforms) = postSolution
		{DBE7380E-4CC4-4C70-BFB1-359F8C121C04}.Debug|x64.ActiveCfg = Debug|x64
		{DBE7380E-4CC4-4C70-BFB1-359F8C121C04}.Debug|x64.Build.0 = Debug|x64
		{DBE7380E-4CC4-4C70-BFB1-359F8C121C04}.Debug|x86.ActiveCfg = Debug|Win32
		{DBE7380E-4CC4-4C70-BFB1-359F8C121C04}.Debug|x86.Build.0 = Debug|Win32
		{DBE7380E-4CC4-4C70-BFB1-359F8C121C04}.Release|x64.ActiveCfg = Release|x64
		{DBE7380E-4CC4-4C70-BFB1-359F8C121C04}.Release|x64.Build.0 = Release|x64
		{DBE7380E-4CC4-4C70-BFB1-359F8C121C04}.Release|x86.ActiveCfg = Release|Win32
		{DBE7380E-4CC4-4C70-BFB1-359F8C121C04}.Release|x86.Build.0 = Release|Win32
		{47F9E38F-9B65-4F27-97AA-244750E5A869}.Debug|x64.ActiveCfg = Debug|x64
		{47F9E38F-9B65-4F27-97AA-244750E5A869}.Debug|x64.Build.0 = Debug|x64
		{47F9E38F-9B65-4F27-97AA-244750E5A869}.Debug|x86.ActiveCfg = Debug|Win32
		{47F9E38F-9B65-4F27-97AA-244750E5A869}.Debug|x86.Build.0 = Debug|Win32
		{47F9E38F-9B65-4F27-97AA-244750E5A869}.Release|x64.ActiveCfg = Release|x64
		{47F9E38F-9B65-4F27-97AA-244750E5A869}.Release|x64.Build.0 = Release|x64
		{47F9E38F-9B65-4F27-97AA-244750E5A869}.Release|x86.ActiveCfg = Release|Win32
		{47F9E38F-9B65-4F27-97AA-244750E5A869}.Release|x86.Build.0 = Release|Win32
		{22751D72-45B6-49FE-8DBD-205050F0A5A7}.Debug|x64.ActiveCfg = Debug|x64
		{22751D72-45B6-49FE-8DBD-205050F0A5A7}.Debug|x64.Build.0 = Debug|x64
		{22751D72-45B6-49FE-8DBD-205050F0A5A7}.Debug|x86.ActiveCfg = Debug|Win32
		{22751D72-45B6-49FE-8DBD-205050F0A5A7}.Debug|x86.Build.0 = Debug|Win32
		{22751D72-45B6-49FE-8DBD-205050F0A5A7}.Release|x64.ActiveCfg = Release|x64
		{22751D72-45B6-49FE-8DBD-205050F0A5A7}.Release|x64.Build.0 = Release|x64
		{22751D72-45B6-49FE-8DBD-205050F0A5A7}.Release|x86.ActiveCfg = Release|Win32
		{22751D72-45B6-49FE-8DBD-205050F0A5A7}.Release|x86.Build.0 = Release|Win32
		{12FF217A-1C13-4412-992E-060CBE7B3460}.Debug|x64.ActiveCfg = Debug|x64
		{12FF217A-1C13-4412-992E-060CBE7B3460}.Debug|x64.Build.0 = Debug|x64
		{12FF217A-1C13-4412-992E-060CBE7B3460}.Debug|x86.ActiveCfg = Debug|Win32
		{12FF217A-1C13-4412-992E-060CBE7B3460}.Debug|x86.Build.0 = Debug|Win32
		{12FF217A-1C13-4412-992E-060CBE7B3460}.Release|x64.ActiveCfg = Release|x64
		{12FF217A-1C13-4412-992E-060CBE7B3460}.Release|x64.Build.0 = Release|x64
		{12FF217A-1C13-4412-992E-060CBE7B3460}.Release|x86.ActiveCfg = Release|Win32
		{12FF217A-1C13-4412-992E-060CBE7B3460}.Release|x86.Build.0 = Release|Win32
	EndGlobalSection
	GlobalSection(SolutionProperties) = preSolution
		HideSolutionNode = FALSE
	EndGlobalSection
	GlobalSection(ExtensibilityGlobals) = postSolution
		SolutionGuid = {ED6121F3-6AAE-4A96-BAA5-101D4E848F2D}
	EndGlobalSection
EndGlobal
